// !$*UTF8*$!
{
	archiveVersion = 1;
	classes = {
	};
	objectVersion = 50;
	objects = {

/* Begin PBXBuildFile section */
		01AA04AD20E13CB000ED12B7 /* AppDelegate.swift in Sources */ = {isa = PBXBuildFile; fileRef = 01AA04AC20E13CB000ED12B7 /* AppDelegate.swift */; };
		01AA04AF20E13CB000ED12B7 /* ViewController.swift in Sources */ = {isa = PBXBuildFile; fileRef = 01AA04AE20E13CB000ED12B7 /* ViewController.swift */; };
		01AA04B120E13CB200ED12B7 /* Assets.xcassets in Resources */ = {isa = PBXBuildFile; fileRef = 01AA04B020E13CB200ED12B7 /* Assets.xcassets */; };
		01AA04B420E13CB200ED12B7 /* Main.storyboard in Resources */ = {isa = PBXBuildFile; fileRef = 01AA04B220E13CB200ED12B7 /* Main.storyboard */; };
		01AA04C020E13D2800ED12B7 /* VideoManager.swift in Sources */ = {isa = PBXBuildFile; fileRef = 01AA04BE20E13D2700ED12B7 /* VideoManager.swift */; };
		01AA04C420E13D2800ED12B7 /* PIP.framework in Frameworks */ = {isa = PBXBuildFile; fileRef = 01AA04C320E13D2800ED12B7 /* PIP.framework */; };
		01AA04D320E13D2800ED12B7 /* youtube-dl in CopyFiles */ = {isa = PBXBuildFile; fileRef = 01AA04D120E13D2800ED12B7 /* youtube-dl */; settings = {ATTRIBUTES = (CodeSignOnCopy, ); }; };
		01AA04FF20E13D2800ED12B7 /* PIPVideoViewController.swift in Sources */ = {isa = PBXBuildFile; fileRef = 01AA04FE20E13D2800ED12B7 /* PIPVideoViewController.swift */; };
/* End PBXBuildFile section */

/* Begin PBXCopyFilesBuildPhase section */
		01AA04C520E13D2800ED12B7 /* CopyFiles */ = {
			isa = PBXCopyFilesBuildPhase;
			buildActionMask = 2147483647;
			dstPath = "";
			dstSubfolderSpec = 6;
			files = (
				01AA04D320E13D2800ED12B7 /* youtube-dl in CopyFiles */,
			);
			runOnlyForDeploymentPostprocessing = 0;
		};
/* End PBXCopyFilesBuildPhase section */

/* Begin PBXFileReference section */
		01AA04A920E13CB000ED12B7 /* Pipit.app */ = {isa = PBXFileReference; explicitFileType = wrapper.application; includeInIndex = 0; path = Pipit.app; sourceTree = BUILT_PRODUCTS_DIR; };
		01AA04AC20E13CB000ED12B7 /* AppDelegate.swift */ = {isa = PBXFileReference; lastKnownFileType = sourcecode.swift; path = AppDelegate.swift; sourceTree = "<group>"; };
		01AA04AE20E13CB000ED12B7 /* ViewController.swift */ = {isa = PBXFileReference; lastKnownFileType = sourcecode.swift; path = ViewController.swift; sourceTree = "<group>"; };
		01AA04B020E13CB200ED12B7 /* Assets.xcassets */ = {isa = PBXFileReference; lastKnownFileType = folder.assetcatalog; path = Assets.xcassets; sourceTree = "<group>"; };
		01AA04B320E13CB200ED12B7 /* Base */ = {isa = PBXFileReference; lastKnownFileType = file.storyboard; name = Base; path = Base.lproj/Main.storyboard; sourceTree = "<group>"; };
		01AA04B520E13CB200ED12B7 /* Info.plist */ = {isa = PBXFileReference; lastKnownFileType = text.plist.xml; path = Info.plist; sourceTree = "<group>"; };
		01AA04B620E13CB200ED12B7 /* Pipit.entitlements */ = {isa = PBXFileReference; lastKnownFileType = text.plist.entitlements; path = Pipit.entitlements; sourceTree = "<group>"; };
		01AA04BE20E13D2700ED12B7 /* VideoManager.swift */ = {isa = PBXFileReference; fileEncoding = 4; lastKnownFileType = sourcecode.swift; path = VideoManager.swift; sourceTree = "<group>"; };
		01AA04C320E13D2800ED12B7 /* PIP.framework */ = {isa = PBXFileReference; lastKnownFileType = wrapper.framework; name = PIP.framework; path = /System/Library/PrivateFrameworks/PIP.framework; sourceTree = "<absolute>"; };
		01AA04D120E13D2800ED12B7 /* youtube-dl */ = {isa = PBXFileReference; lastKnownFileType = file; path = "youtube-dl"; sourceTree = "<group>"; };
		01AA04FB20E13D2800ED12B7 /* Pipit-Bridging-Header.h */ = {isa = PBXFileReference; lastKnownFileType = sourcecode.c.h; path = "Pipit-Bridging-Header.h"; sourceTree = "<group>"; };
		01AA04FE20E13D2800ED12B7 /* PIPVideoViewController.swift */ = {isa = PBXFileReference; lastKnownFileType = sourcecode.swift; path = PIPVideoViewController.swift; sourceTree = "<group>"; };
/* End PBXFileReference section */

/* Begin PBXFrameworksBuildPhase section */
		01AA04A620E13CB000ED12B7 /* Frameworks */ = {
			isa = PBXFrameworksBuildPhase;
			buildActionMask = 2147483647;
			files = (
				01AA04C420E13D2800ED12B7 /* PIP.framework in Frameworks */,
			);
			runOnlyForDeploymentPostprocessing = 0;
		};
/* End PBXFrameworksBuildPhase section */

/* Begin PBXGroup section */
		01AA04A020E13CB000ED12B7 = {
			isa = PBXGroup;
			children = (
				01AA04D020E13D2800ED12B7 /* Executables */,
				01AA04AB20E13CB000ED12B7 /* Pipit */,
				01AA04AA20E13CB000ED12B7 /* Products */,
				01AA04C220E13D2800ED12B7 /* Frameworks */,
			);
			sourceTree = "<group>";
		};
		01AA04AA20E13CB000ED12B7 /* Products */ = {
			isa = PBXGroup;
			children = (
				01AA04A920E13CB000ED12B7 /* Pipit.app */,
			);
			name = Products;
			sourceTree = "<group>";
		};
		01AA04AB20E13CB000ED12B7 /* Pipit */ = {
			isa = PBXGroup;
			children = (
				01AA04BE20E13D2700ED12B7 /* VideoManager.swift */,
				01AA04AC20E13CB000ED12B7 /* AppDelegate.swift */,
				01AA04AE20E13CB000ED12B7 /* ViewController.swift */,
				01AA04B020E13CB200ED12B7 /* Assets.xcassets */,
				01AA04B220E13CB200ED12B7 /* Main.storyboard */,
				01AA04B520E13CB200ED12B7 /* Info.plist */,
				01AA04B620E13CB200ED12B7 /* Pipit.entitlements */,
				01AA04FB20E13D2800ED12B7 /* Pipit-Bridging-Header.h */,
				01AA04FE20E13D2800ED12B7 /* PIPVideoViewController.swift */,
			);
			path = Pipit;
			sourceTree = "<group>";
		};
		01AA04C220E13D2800ED12B7 /* Frameworks */ = {
			isa = PBXGroup;
			children = (
				01AA04C320E13D2800ED12B7 /* PIP.framework */,
			);
			name = Frameworks;
			sourceTree = "<group>";
		};
		01AA04D020E13D2800ED12B7 /* Executables */ = {
			isa = PBXGroup;
			children = (
				01AA04D120E13D2800ED12B7 /* youtube-dl */,
			);
			path = Executables;
			sourceTree = "<group>";
		};
/* End PBXGroup section */

/* Begin PBXNativeTarget section */
		01AA04A820E13CB000ED12B7 /* Pipit */ = {
			isa = PBXNativeTarget;
			buildConfigurationList = 01AA04B920E13CB200ED12B7 /* Build configuration list for PBXNativeTarget "Pipit" */;
			buildPhases = (
				01AA04A520E13CB000ED12B7 /* Sources */,
				01AA04A620E13CB000ED12B7 /* Frameworks */,
				01AA04A720E13CB000ED12B7 /* Resources */,
				01AA04C520E13D2800ED12B7 /* CopyFiles */,
			);
			buildRules = (
			);
			dependencies = (
			);
			name = Pipit;
			productName = Pipit;
			productReference = 01AA04A920E13CB000ED12B7 /* Pipit.app */;
			productType = "com.apple.product-type.application";
		};
/* End PBXNativeTarget section */

/* Begin PBXProject section */
		01AA04A120E13CB000ED12B7 /* Project object */ = {
			isa = PBXProject;
			attributes = {
				LastSwiftUpdateCheck = 0930;
				LastUpgradeCheck = 0930;
				ORGANIZATIONNAME = "Nick Thompson";
				TargetAttributes = {
					01AA04A820E13CB000ED12B7 = {
						CreatedOnToolsVersion = 9.3.1;
						LastSwiftMigration = 0930;
						SystemCapabilities = {
							com.apple.Sandbox = {
								enabled = 0;
							};
						};
					};
				};
			};
			buildConfigurationList = 01AA04A420E13CB000ED12B7 /* Build configuration list for PBXProject "Pipit" */;
			compatibilityVersion = "Xcode 9.3";
			developmentRegion = en;
			hasScannedForEncodings = 0;
			knownRegions = (
				en,
				Base,
			);
			mainGroup = 01AA04A020E13CB000ED12B7;
			productRefGroup = 01AA04AA20E13CB000ED12B7 /* Products */;
			projectDirPath = "";
			projectRoot = "";
			targets = (
				01AA04A820E13CB000ED12B7 /* Pipit */,
			);
		};
/* End PBXProject section */

/* Begin PBXResourcesBuildPhase section */
		01AA04A720E13CB000ED12B7 /* Resources */ = {
			isa = PBXResourcesBuildPhase;
			buildActionMask = 2147483647;
			files = (
				01AA04B120E13CB200ED12B7 /* Assets.xcassets in Resources */,
				01AA04B420E13CB200ED12B7 /* Main.storyboard in Resources */,
			);
			runOnlyForDeploymentPostprocessing = 0;
		};
/* End PBXResourcesBuildPhase section */

/* Begin PBXSourcesBuildPhase section */
		01AA04A520E13CB000ED12B7 /* Sources */ = {
			isa = PBXSourcesBuildPhase;
			buildActionMask = 2147483647;
			files = (
				01AA04AF20E13CB000ED12B7 /* ViewController.swift in Sources */,
				01AA04AD20E13CB000ED12B7 /* AppDelegate.swift in Sources */,
				01AA04FF20E13D2800ED12B7 /* PIPVideoViewController.swift in Sources */,
				01AA04C020E13D2800ED12B7 /* VideoManager.swift in Sources */,
			);
			runOnlyForDeploymentPostprocessing = 0;
		};
/* End PBXSourcesBuildPhase section */

/* Begin PBXVariantGroup section */
		01AA04B220E13CB200ED12B7 /* Main.storyboard */ = {
			isa = PBXVariantGroup;
			children = (
				01AA04B320E13CB200ED12B7 /* Base */,
			);
			name = Main.storyboard;
			sourceTree = "<group>";
		};
/* End PBXVariantGroup section */

/* Begin XCBuildConfiguration section */
		01AA04B720E13CB200ED12B7 /* Debug */ = {
			isa = XCBuildConfiguration;
			buildSettings = {
				ALWAYS_SEARCH_USER_PATHS = NO;
				CLANG_ANALYZER_NONNULL = YES;
				CLANG_ANALYZER_NUMBER_OBJECT_CONVERSION = YES_AGGRESSIVE;
				CLANG_CXX_LANGUAGE_STANDARD = "gnu++14";
				CLANG_CXX_LIBRARY = "libc++";
				CLANG_ENABLE_MODULES = YES;
				CLANG_ENABLE_OBJC_ARC = YES;
				CLANG_ENABLE_OBJC_WEAK = YES;
				CLANG_WARN_BLOCK_CAPTURE_AUTORELEASING = YES;
				CLANG_WARN_BOOL_CONVERSION = YES;
				CLANG_WARN_COMMA = YES;
				CLANG_WARN_CONSTANT_CONVERSION = YES;
				CLANG_WARN_DEPRECATED_OBJC_IMPLEMENTATIONS = YES;
				CLANG_WARN_DIRECT_OBJC_ISA_USAGE = YES_ERROR;
				CLANG_WARN_DOCUMENTATION_COMMENTS = YES;
				CLANG_WARN_EMPTY_BODY = YES;
				CLANG_WARN_ENUM_CONVERSION = YES;
				CLANG_WARN_INFINITE_RECURSION = YES;
				CLANG_WARN_INT_CONVERSION = YES;
				CLANG_WARN_NON_LITERAL_NULL_CONVERSION = YES;
				CLANG_WARN_OBJC_IMPLICIT_RETAIN_SELF = YES;
				CLANG_WARN_OBJC_LITERAL_CONVERSION = YES;
				CLANG_WARN_OBJC_ROOT_CLASS = YES_ERROR;
				CLANG_WARN_RANGE_LOOP_ANALYSIS = YES;
				CLANG_WARN_STRICT_PROTOTYPES = YES;
				CLANG_WARN_SUSPICIOUS_MOVE = YES;
				CLANG_WARN_UNGUARDED_AVAILABILITY = YES_AGGRESSIVE;
				CLANG_WARN_UNREACHABLE_CODE = YES;
				CLANG_WARN__DUPLICATE_METHOD_MATCH = YES;
				CODE_SIGN_IDENTITY = "Mac Developer";
				COPY_PHASE_STRIP = NO;
				DEBUG_INFORMATION_FORMAT = dwarf;
				ENABLE_STRICT_OBJC_MSGSEND = YES;
				ENABLE_TESTABILITY = YES;
				GCC_C_LANGUAGE_STANDARD = gnu11;
				GCC_DYNAMIC_NO_PIC = NO;
				GCC_NO_COMMON_BLOCKS = YES;
				GCC_OPTIMIZATION_LEVEL = 0;
				GCC_PREPROCESSOR_DEFINITIONS = (
					"DEBUG=1",
					"$(inherited)",
				);
				GCC_WARN_64_TO_32_BIT_CONVERSION = YES;
				GCC_WARN_ABOUT_RETURN_TYPE = YES_ERROR;
				GCC_WARN_UNDECLARED_SELECTOR = YES;
				GCC_WARN_UNINITIALIZED_AUTOS = YES_AGGRESSIVE;
				GCC_WARN_UNUSED_FUNCTION = YES;
				GCC_WARN_UNUSED_VARIABLE = YES;
				MACOSX_DEPLOYMENT_TARGET = 10.12;
				MTL_ENABLE_DEBUG_INFO = YES;
				ONLY_ACTIVE_ARCH = YES;
				SDKROOT = macosx;
				SWIFT_ACTIVE_COMPILATION_CONDITIONS = DEBUG;
				SWIFT_OBJC_BRIDGING_HEADER = /Users/nick/Developer/GitHub/Pipit/Pipit/PIP/PIPViewController.h;
				SWIFT_OPTIMIZATION_LEVEL = "-Onone";
			};
			name = Debug;
		};
		01AA04B820E13CB200ED12B7 /* Release */ = {
			isa = XCBuildConfiguration;
			buildSettings = {
				ALWAYS_SEARCH_USER_PATHS = NO;
				CLANG_ANALYZER_NONNULL = YES;
				CLANG_ANALYZER_NUMBER_OBJECT_CONVERSION = YES_AGGRESSIVE;
				CLANG_CXX_LANGUAGE_STANDARD = "gnu++14";
				CLANG_CXX_LIBRARY = "libc++";
				CLANG_ENABLE_MODULES = YES;
				CLANG_ENABLE_OBJC_ARC = YES;
				CLANG_ENABLE_OBJC_WEAK = YES;
				CLANG_WARN_BLOCK_CAPTURE_AUTORELEASING = YES;
				CLANG_WARN_BOOL_CONVERSION = YES;
				CLANG_WARN_COMMA = YES;
				CLANG_WARN_CONSTANT_CONVERSION = YES;
				CLANG_WARN_DEPRECATED_OBJC_IMPLEMENTATIONS = YES;
				CLANG_WARN_DIRECT_OBJC_ISA_USAGE = YES_ERROR;
				CLANG_WARN_DOCUMENTATION_COMMENTS = YES;
				CLANG_WARN_EMPTY_BODY = YES;
				CLANG_WARN_ENUM_CONVERSION = YES;
				CLANG_WARN_INFINITE_RECURSION = YES;
				CLANG_WARN_INT_CONVERSION = YES;
				CLANG_WARN_NON_LITERAL_NULL_CONVERSION = YES;
				CLANG_WARN_OBJC_IMPLICIT_RETAIN_SELF = YES;
				CLANG_WARN_OBJC_LITERAL_CONVERSION = YES;
				CLANG_WARN_OBJC_ROOT_CLASS = YES_ERROR;
				CLANG_WARN_RANGE_LOOP_ANALYSIS = YES;
				CLANG_WARN_STRICT_PROTOTYPES = YES;
				CLANG_WARN_SUSPICIOUS_MOVE = YES;
				CLANG_WARN_UNGUARDED_AVAILABILITY = YES_AGGRESSIVE;
				CLANG_WARN_UNREACHABLE_CODE = YES;
				CLANG_WARN__DUPLICATE_METHOD_MATCH = YES;
				CODE_SIGN_IDENTITY = "Mac Developer";
				COPY_PHASE_STRIP = NO;
				DEBUG_INFORMATION_FORMAT = "dwarf-with-dsym";
				ENABLE_NS_ASSERTIONS = NO;
				ENABLE_STRICT_OBJC_MSGSEND = YES;
				GCC_C_LANGUAGE_STANDARD = gnu11;
				GCC_NO_COMMON_BLOCKS = YES;
				GCC_WARN_64_TO_32_BIT_CONVERSION = YES;
				GCC_WARN_ABOUT_RETURN_TYPE = YES_ERROR;
				GCC_WARN_UNDECLARED_SELECTOR = YES;
				GCC_WARN_UNINITIALIZED_AUTOS = YES_AGGRESSIVE;
				GCC_WARN_UNUSED_FUNCTION = YES;
				GCC_WARN_UNUSED_VARIABLE = YES;
				MACOSX_DEPLOYMENT_TARGET = 10.12;
				MTL_ENABLE_DEBUG_INFO = NO;
				SDKROOT = macosx;
				SWIFT_COMPILATION_MODE = wholemodule;
				SWIFT_OBJC_BRIDGING_HEADER = /Users/nick/Developer/GitHub/Pipit/Pipit/PIP/PIPViewController.h;
				SWIFT_OPTIMIZATION_LEVEL = "-O";
			};
			name = Release;
		};
		01AA04BA20E13CB200ED12B7 /* Debug */ = {
			isa = XCBuildConfiguration;
			buildSettings = {
				ASSETCATALOG_COMPILER_APPICON_NAME = AppIcon;
				CLANG_ENABLE_MODULES = YES;
				CODE_SIGN_STYLE = Automatic;
				COMBINE_HIDPI_IMAGES = YES;
				DEVELOPMENT_TEAM = 8SQNZE245D;
				INFOPLIST_FILE = Pipit/Info.plist;
				LD_RUNPATH_SEARCH_PATHS = (
					"$(inherited)",
					"@executable_path/../Frameworks",
				);
				PRODUCT_BUNDLE_IDENTIFIER = guru.nickthompson.Pipit;
				PRODUCT_NAME = "$(TARGET_NAME)";
				SWIFT_OBJC_BRIDGING_HEADER = "Pipit/Pipit-Bridging-Header.h";
				SWIFT_OPTIMIZATION_LEVEL = "-Onone";
				SWIFT_VERSION = 4.0;
				SYSTEM_FRAMEWORK_SEARCH_PATHS = (
					"$(inherited)",
					"$(SYSTEM_LIBRARY_DIR)/PrivateFrameworks",
				);
			};
			name = Debug;
		};
		01AA04BB20E13CB200ED12B7 /* Release */ = {
			isa = XCBuildConfiguration;
			buildSettings = {
				ASSETCATALOG_COMPILER_APPICON_NAME = AppIcon;
				CLANG_ENABLE_MODULES = YES;
				CODE_SIGN_STYLE = Automatic;
				COMBINE_HIDPI_IMAGES = YES;
				DEVELOPMENT_TEAM = 8SQNZE245D;
				INFOPLIST_FILE = Pipit/Info.plist;
				LD_RUNPATH_SEARCH_PATHS = (
					"$(inherited)",
					"@executable_path/../Frameworks",
				);
				PRODUCT_BUNDLE_IDENTIFIER = guru.nickthompson.Pipit;
				PRODUCT_NAME = "$(TARGET_NAME)";
				SWIFT_OBJC_BRIDGING_HEADER = "Pipit/Pipit-Bridging-Header.h";
				SWIFT_VERSION = 4.0;
				SYSTEM_FRAMEWORK_SEARCH_PATHS = (
					"$(inherited)",
					"$(SYSTEM_LIBRARY_DIR)/PrivateFrameworks",
				);
			};
			name = Release;
		};
/* End XCBuildConfiguration section */

/* Begin XCConfigurationList section */
		01AA04A420E13CB000ED12B7 /* Build configuration list for PBXProject "Pipit" */ = {
			isa = XCConfigurationList;
			buildConfigurations = (
				01AA04B720E13CB200ED12B7 /* Debug */,
				01AA04B820E13CB200ED12B7 /* Release */,
			);
			defaultConfigurationIsVisible = 0;
			defaultConfigurationName = Release;
		};
		01AA04B920E13CB200ED12B7 /* Build configuration list for PBXNativeTarget "Pipit" */ = {
			isa = XCConfigurationList;
			buildConfigurations = (
				01AA04BA20E13CB200ED12B7 /* Debug */,
				01AA04BB20E13CB200ED12B7 /* Release */,
			);
			defaultConfigurationIsVisible = 0;
			defaultConfigurationName = Release;
		};
/* End XCConfigurationList section */
	};
	rootObject = 01AA04A120E13CB000ED12B7 /* Project object */;
}
